
Microsoft Visual Studio Solution File, Format Version 12.00
# Visual Studio 2012
Project("{FAE04EC0-301F-11D3-BF4B-00C04F79EFBC}") = "CRUD v2", "CRUD v2\CRUD v2.csproj", "{5621BE60-4D0F-43AE-AAC2-E1CAF504C937}"
EndProject
Project("{FAE04EC0-301F-11D3-BF4B-00C04F79EFBC}") = "Domain", "Domain\Domain.csproj", "{E1E963DC-87EA-4944-8247-B00BE9FA2FB6}"
EndProject
Project("{FAE04EC0-301F-11D3-BF4B-00C04F79EFBC}") = "Session", "Session\Session.csproj", "{0938844C-D66C-45EC-8FD4-0409CF48F229}"
EndProject
Global
	GlobalSection(SolutionConfigurationPlatforms) = preSolution
		Debug|Any CPU = Debug|Any CPU
		Release|Any CPU = Release|Any CPU
	EndGlobalSection
	GlobalSection(ProjectConfigurationPlatforms) = postSolution
		{5621BE60-4D0F-43AE-AAC2-E1CAF504C937}.Debug|Any CPU.ActiveCfg = Debug|Any CPU
		{5621BE60-4D0F-43AE-AAC2-E1CAF504C937}.Debug|Any CPU.Build.0 = Debug|Any CPU
		{5621BE60-4D0F-43AE-AAC2-E1CAF504C937}.Release|Any CPU.ActiveCfg = Release|Any CPU
		{5621BE60-4D0F-43AE-AAC2-E1CAF504C937}.Release|Any CPU.Build.0 = Release|Any CPU
		{E1E963DC-87EA-4944-8247-B00BE9FA2FB6}.Debug|Any CPU.ActiveCfg = Debug|Any CPU
		{E1E963DC-87EA-4944-8247-B00BE9FA2FB6}.Debug|Any CPU.Build.0 = Debug|Any CPU
		{E1E963DC-87EA-4944-8247-B00BE9FA2FB6}.Release|Any CPU.ActiveCfg = Release|Any CPU
		{E1E963DC-87EA-4944-8247-B00BE9FA2FB6}.Release|Any CPU.Build.0 = Release|Any CPU
		{0938844C-D66C-45EC-8FD4-0409CF48F229}.Debug|Any CPU.ActiveCfg = Debug|Any CPU
		{0938844C-D66C-45EC-8FD4-0409CF48F229}.Debug|Any CPU.Build.0 = Debug|Any CPU
		{0938844C-D66C-45EC-8FD4-0409CF48F229}.Release|Any CPU.ActiveCfg = Release|Any CPU
		{0938844C-D66C-45EC-8FD4-0409CF48F229}.Release|Any CPU.Build.0 = Release|Any CPU
	EndGlobalSection
	GlobalSection(SolutionProperties) = preSolution
		HideSolutionNode = FALSE
	EndGlobalSection
EndGlobal
